
Microsoft Visual Studio Solution File, Format Version 12.00
# Visual Studio Version 16
VisualStudioVersion = 16.0.31702.278
MinimumVisualStudioVersion = 10.0.40219.1
Project("{9A19103F-16F7-4668-BE54-9A1E7A4F7556}") = "freezebee_api", "freezebee_api.csproj", "{80E964CF-F16C-4B3E-AD88-03315204F549}"
EndProject
Global
	GlobalSection(SolutionConfigurationPlatforms) = preSolution
		Debug|Any CPU = Debug|Any CPU
		Release|Any CPU = Release|Any CPU
	EndGlobalSection
	GlobalSection(ProjectConfigurationPlatforms) = postSolution
		{80E964CF-F16C-4B3E-AD88-03315204F549}.Debug|Any CPU.ActiveCfg = Debug|Any CPU
		{80E964CF-F16C-4B3E-AD88-03315204F549}.Debug|Any CPU.Build.0 = Debug|Any CPU
		{80E964CF-F16C-4B3E-AD88-03315204F549}.Release|Any CPU.ActiveCfg = Release|Any CPU
		{80E964CF-F16C-4B3E-AD88-03315204F549}.Release|Any CPU.Build.0 = Release|Any CPU
	EndGlobalSection
	GlobalSection(SolutionProperties) = preSolution
		HideSolutionNode = FALSE
	EndGlobalSection
	GlobalSection(ExtensibilityGlobals) = postSolution
		SolutionGuid = {AB910386-C0C0-4CF3-9C35-F2A378D3FBD2}
	EndGlobalSection
EndGlobal
